// !$*UTF8*$!
{
	archiveVersion = 1;
	classes = {
	};
	objectVersion = 50;
	objects = {

/* Begin PBXBuildFile section */
		4FDFE63323C08AF0004A8B93 /* WebViewViewController.swift in Sources */ = {isa = PBXBuildFile; fileRef = 4FDFE63123C08AF0004A8B93 /* WebViewViewController.swift */; };
		4FDFE63423C08AF0004A8B93 /* WebViewViewController.xib in Resources */ = {isa = PBXBuildFile; fileRef = 4FDFE63223C08AF0004A8B93 /* WebViewViewController.xib */; };
		4FFF153C23BEF42100521C6E /* AppDelegate.swift in Sources */ = {isa = PBXBuildFile; fileRef = 4FFF153B23BEF42100521C6E /* AppDelegate.swift */; };
		4FFF153E23BEF42100521C6E /* SceneDelegate.swift in Sources */ = {isa = PBXBuildFile; fileRef = 4FFF153D23BEF42100521C6E /* SceneDelegate.swift */; };
		4FFF154023BEF42100521C6E /* ViewController.swift in Sources */ = {isa = PBXBuildFile; fileRef = 4FFF153F23BEF42100521C6E /* ViewController.swift */; };
		4FFF154323BEF42100521C6E /* Main.storyboard in Resources */ = {isa = PBXBuildFile; fileRef = 4FFF154123BEF42100521C6E /* Main.storyboard */; };
		4FFF154523BEF42300521C6E /* Assets.xcassets in Resources */ = {isa = PBXBuildFile; fileRef = 4FFF154423BEF42300521C6E /* Assets.xcassets */; };
		4FFF154823BEF42300521C6E /* LaunchScreen.storyboard in Resources */ = {isa = PBXBuildFile; fileRef = 4FFF154623BEF42300521C6E /* LaunchScreen.storyboard */; };
		4FFF155023BEFB5A00521C6E /* TableViewSection.swift in Sources */ = {isa = PBXBuildFile; fileRef = 4FFF154F23BEFB5A00521C6E /* TableViewSection.swift */; };
		4FFF155223BEFC6700521C6E /* TableViewRow.swift in Sources */ = {isa = PBXBuildFile; fileRef = 4FFF155123BEFC6700521C6E /* TableViewRow.swift */; };
		4FFF155523BF287800521C6E /* DetailViewController.swift in Sources */ = {isa = PBXBuildFile; fileRef = 4FFF155323BF287800521C6E /* DetailViewController.swift */; };
		4FFF155623BF287800521C6E /* DetailViewController.xib in Resources */ = {isa = PBXBuildFile; fileRef = 4FFF155423BF287800521C6E /* DetailViewController.xib */; };
		7BE7C09F5840B9A2C952D290 /* Pods_URLRequestCacheDemo.framework in Frameworks */ = {isa = PBXBuildFile; fileRef = EE015BC214F76F59BDFAB03B /* Pods_URLRequestCacheDemo.framework */; };
/* End PBXBuildFile section */

/* Begin PBXFileReference section */
		4FDFE63123C08AF0004A8B93 /* WebViewViewController.swift */ = {isa = PBXFileReference; lastKnownFileType = sourcecode.swift; path = WebViewViewController.swift; sourceTree = "<group>"; };
		4FDFE63223C08AF0004A8B93 /* WebViewViewController.xib */ = {isa = PBXFileReference; lastKnownFileType = file.xib; path = WebViewViewController.xib; sourceTree = "<group>"; };
		4FFF153823BEF42100521C6E /* URLRequestCacheDemo.app */ = {isa = PBXFileReference; explicitFileType = wrapper.application; includeInIndex = 0; path = URLRequestCacheDemo.app; sourceTree = BUILT_PRODUCTS_DIR; };
		4FFF153B23BEF42100521C6E /* AppDelegate.swift */ = {isa = PBXFileReference; lastKnownFileType = sourcecode.swift; path = AppDelegate.swift; sourceTree = "<group>"; };
		4FFF153D23BEF42100521C6E /* SceneDelegate.swift */ = {isa = PBXFileReference; lastKnownFileType = sourcecode.swift; path = SceneDelegate.swift; sourceTree = "<group>"; };
		4FFF153F23BEF42100521C6E /* ViewController.swift */ = {isa = PBXFileReference; lastKnownFileType = sourcecode.swift; path = ViewController.swift; sourceTree = "<group>"; };
		4FFF154223BEF42100521C6E /* Base */ = {isa = PBXFileReference; lastKnownFileType = file.storyboard; name = Base; path = Base.lproj/Main.storyboard; sourceTree = "<group>"; };
		4FFF154423BEF42300521C6E /* Assets.xcassets */ = {isa = PBXFileReference; lastKnownFileType = folder.assetcatalog; path = Assets.xcassets; sourceTree = "<group>"; };
		4FFF154723BEF42300521C6E /* Base */ = {isa = PBXFileReference; lastKnownFileType = file.storyboard; name = Base; path = Base.lproj/LaunchScreen.storyboard; sourceTree = "<group>"; };
		4FFF154923BEF42300521C6E /* Info.plist */ = {isa = PBXFileReference; lastKnownFileType = text.plist.xml; path = Info.plist; sourceTree = "<group>"; };
		4FFF154F23BEFB5A00521C6E /* TableViewSection.swift */ = {isa = PBXFileReference; lastKnownFileType = sourcecode.swift; path = TableViewSection.swift; sourceTree = "<group>"; };
		4FFF155123BEFC6700521C6E /* TableViewRow.swift */ = {isa = PBXFileReference; lastKnownFileType = sourcecode.swift; path = TableViewRow.swift; sourceTree = "<group>"; };
		4FFF155323BF287800521C6E /* DetailViewController.swift */ = {isa = PBXFileReference; lastKnownFileType = sourcecode.swift; path = DetailViewController.swift; sourceTree = "<group>"; };
		4FFF155423BF287800521C6E /* DetailViewController.xib */ = {isa = PBXFileReference; lastKnownFileType = file.xib; path = DetailViewController.xib; sourceTree = "<group>"; };
		D64A5AB544E47D3B157B3DB3 /* Pods-URLRequestCacheDemo.release.xcconfig */ = {isa = PBXFileReference; includeInIndex = 1; lastKnownFileType = text.xcconfig; name = "Pods-URLRequestCacheDemo.release.xcconfig"; path = "Target Support Files/Pods-URLRequestCacheDemo/Pods-URLRequestCacheDemo.release.xcconfig"; sourceTree = "<group>"; };
		EE015BC214F76F59BDFAB03B /* Pods_URLRequestCacheDemo.framework */ = {isa = PBXFileReference; explicitFileType = wrapper.framework; includeInIndex = 0; path = Pods_URLRequestCacheDemo.framework; sourceTree = BUILT_PRODUCTS_DIR; };
		F5BA8C72D464CC3EABC1956D /* Pods-URLRequestCacheDemo.debug.xcconfig */ = {isa = PBXFileReference; includeInIndex = 1; lastKnownFileType = text.xcconfig; name = "Pods-URLRequestCacheDemo.debug.xcconfig"; path = "Target Support Files/Pods-URLRequestCacheDemo/Pods-URLRequestCacheDemo.debug.xcconfig"; sourceTree = "<group>"; };
/* End PBXFileReference section */

/* Begin PBXFrameworksBuildPhase section */
		4FFF153523BEF42100521C6E /* Frameworks */ = {
			isa = PBXFrameworksBuildPhase;
			buildActionMask = 2147483647;
			files = (
				7BE7C09F5840B9A2C952D290 /* Pods_URLRequestCacheDemo.framework in Frameworks */,
			);
			runOnlyForDeploymentPostprocessing = 0;
		};
/* End PBXFrameworksBuildPhase section */

/* Begin PBXGroup section */
		2132E94A892A376BB2182147 /* Frameworks */ = {
			isa = PBXGroup;
			children = (
				EE015BC214F76F59BDFAB03B /* Pods_URLRequestCacheDemo.framework */,
			);
			name = Frameworks;
			sourceTree = "<group>";
		};
		4FFF152F23BEF42100521C6E = {
			isa = PBXGroup;
			children = (
				4FFF153A23BEF42100521C6E /* URLRequestCacheDemo */,
				4FFF153923BEF42100521C6E /* Products */,
				553EAD69E578EF337F0036C7 /* Pods */,
				2132E94A892A376BB2182147 /* Frameworks */,
			);
			sourceTree = "<group>";
		};
		4FFF153923BEF42100521C6E /* Products */ = {
			isa = PBXGroup;
			children = (
				4FFF153823BEF42100521C6E /* URLRequestCacheDemo.app */,
			);
			name = Products;
			sourceTree = "<group>";
		};
		4FFF153A23BEF42100521C6E /* URLRequestCacheDemo */ = {
			isa = PBXGroup;
			children = (
				4FFF153B23BEF42100521C6E /* AppDelegate.swift */,
				4FFF153D23BEF42100521C6E /* SceneDelegate.swift */,
				4FFF153F23BEF42100521C6E /* ViewController.swift */,
				4FFF155323BF287800521C6E /* DetailViewController.swift */,
				4FFF155423BF287800521C6E /* DetailViewController.xib */,
				4FFF154F23BEFB5A00521C6E /* TableViewSection.swift */,
				4FFF155123BEFC6700521C6E /* TableViewRow.swift */,
				4FFF154123BEF42100521C6E /* Main.storyboard */,
				4FFF154423BEF42300521C6E /* Assets.xcassets */,
				4FFF154623BEF42300521C6E /* LaunchScreen.storyboard */,
				4FFF154923BEF42300521C6E /* Info.plist */,
				4FDFE63123C08AF0004A8B93 /* WebViewViewController.swift */,
				4FDFE63223C08AF0004A8B93 /* WebViewViewController.xib */,
			);
			path = URLRequestCacheDemo;
			sourceTree = "<group>";
		};
		553EAD69E578EF337F0036C7 /* Pods */ = {
			isa = PBXGroup;
			children = (
				F5BA8C72D464CC3EABC1956D /* Pods-URLRequestCacheDemo.debug.xcconfig */,
				D64A5AB544E47D3B157B3DB3 /* Pods-URLRequestCacheDemo.release.xcconfig */,
			);
			path = Pods;
			sourceTree = "<group>";
		};
/* End PBXGroup section */

/* Begin PBXNativeTarget section */
		4FFF153723BEF42100521C6E /* URLRequestCacheDemo */ = {
			isa = PBXNativeTarget;
			buildConfigurationList = 4FFF154C23BEF42300521C6E /* Build configuration list for PBXNativeTarget "URLRequestCacheDemo" */;
			buildPhases = (
				7A5E630A5C4E61C2F20719A3 /* [CP] Check Pods Manifest.lock */,
				4FFF153423BEF42100521C6E /* Sources */,
				4FFF153523BEF42100521C6E /* Frameworks */,
				4FFF153623BEF42100521C6E /* Resources */,
				C367CEB14D24A2DD4ACB8D1A /* [CP] Embed Pods Frameworks */,
			);
			buildRules = (
			);
			dependencies = (
			);
			name = URLRequestCacheDemo;
			productName = URLRequestCacheDemo;
			productReference = 4FFF153823BEF42100521C6E /* URLRequestCacheDemo.app */;
			productType = "com.apple.product-type.application";
		};
/* End PBXNativeTarget section */

/* Begin PBXProject section */
		4FFF153023BEF42100521C6E /* Project object */ = {
			isa = PBXProject;
			attributes = {
				LastSwiftUpdateCheck = 1110;
				LastUpgradeCheck = 1110;
				ORGANIZATIONNAME = Henry;
				TargetAttributes = {
					4FFF153723BEF42100521C6E = {
						CreatedOnToolsVersion = 11.1;
					};
				};
			};
			buildConfigurationList = 4FFF153323BEF42100521C6E /* Build configuration list for PBXProject "URLRequestCacheDemo" */;
			compatibilityVersion = "Xcode 9.3";
			developmentRegion = en;
			hasScannedForEncodings = 0;
			knownRegions = (
				en,
				Base,
			);
			mainGroup = 4FFF152F23BEF42100521C6E;
			productRefGroup = 4FFF153923BEF42100521C6E /* Products */;
			projectDirPath = "";
			projectRoot = "";
			targets = (
				4FFF153723BEF42100521C6E /* URLRequestCacheDemo */,
			);
		};
/* End PBXProject section */

/* Begin PBXResourcesBuildPhase section */
		4FFF153623BEF42100521C6E /* Resources */ = {
			isa = PBXResourcesBuildPhase;
			buildActionMask = 2147483647;
			files = (
				4FDFE63423C08AF0004A8B93 /* WebViewViewController.xib in Resources */,
				4FFF154823BEF42300521C6E /* LaunchScreen.storyboard in Resources */,
				4FFF154523BEF42300521C6E /* Assets.xcassets in Resources */,
				4FFF154323BEF42100521C6E /* Main.storyboard in Resources */,
				4FFF155623BF287800521C6E /* DetailViewController.xib in Resources */,
			);
			runOnlyForDeploymentPostprocessing = 0;
		};
/* End PBXResourcesBuildPhase section */

/* Begin PBXShellScriptBuildPhase section */
		7A5E630A5C4E61C2F20719A3 /* [CP] Check Pods Manifest.lock */ = {
			isa = PBXShellScriptBuildPhase;
			buildActionMask = 2147483647;
			files = (
			);
			inputFileListPaths = (
			);
			inputPaths = (
				"${PODS_PODFILE_DIR_PATH}/Podfile.lock",
				"${PODS_ROOT}/Manifest.lock",
			);
			name = "[CP] Check Pods Manifest.lock";
			outputFileListPaths = (
			);
			outputPaths = (
				"$(DERIVED_FILE_DIR)/Pods-URLRequestCacheDemo-checkManifestLockResult.txt",
			);
			runOnlyForDeploymentPostprocessing = 0;
			shellPath = /bin/sh;
			shellScript = "diff \"${PODS_PODFILE_DIR_PATH}/Podfile.lock\" \"${PODS_ROOT}/Manifest.lock\" > /dev/null\nif [ $? != 0 ] ; then\n    # print error to STDERR\n    echo \"error: The sandbox is not in sync with the Podfile.lock. Run 'pod install' or update your CocoaPods installation.\" >&2\n    exit 1\nfi\n# This output is used by Xcode 'outputs' to avoid re-running this script phase.\necho \"SUCCESS\" > \"${SCRIPT_OUTPUT_FILE_0}\"\n";
			showEnvVarsInLog = 0;
		};
		C367CEB14D24A2DD4ACB8D1A /* [CP] Embed Pods Frameworks */ = {
			isa = PBXShellScriptBuildPhase;
			buildActionMask = 2147483647;
			files = (
			);
			inputFileListPaths = (
				"${PODS_ROOT}/Target Support Files/Pods-URLRequestCacheDemo/Pods-URLRequestCacheDemo-frameworks-${CONFIGURATION}-input-files.xcfilelist",
			);
			name = "[CP] Embed Pods Frameworks";
			outputFileListPaths = (
				"${PODS_ROOT}/Target Support Files/Pods-URLRequestCacheDemo/Pods-URLRequestCacheDemo-frameworks-${CONFIGURATION}-output-files.xcfilelist",
			);
			runOnlyForDeploymentPostprocessing = 0;
			shellPath = /bin/sh;
			shellScript = "\"${PODS_ROOT}/Target Support Files/Pods-URLRequestCacheDemo/Pods-URLRequestCacheDemo-frameworks.sh\"\n";
			showEnvVarsInLog = 0;
		};
/* End PBXShellScriptBuildPhase section */

/* Begin PBXSourcesBuildPhase section */
		4FFF153423BEF42100521C6E /* Sources */ = {
			isa = PBXSourcesBuildPhase;
			buildActionMask = 2147483647;
			files = (
				4FDFE63323C08AF0004A8B93 /* WebViewViewController.swift in Sources */,
				4FFF155223BEFC6700521C6E /* TableViewRow.swift in Sources */,
				4FFF154023BEF42100521C6E /* ViewController.swift in Sources */,
				4FFF155023BEFB5A00521C6E /* TableViewSection.swift in Sources */,
				4FFF155523BF287800521C6E /* DetailViewController.swift in Sources */,
				4FFF153C23BEF42100521C6E /* AppDelegate.swift in Sources */,
				4FFF153E23BEF42100521C6E /* SceneDelegate.swift in Sources */,
			);
			runOnlyForDeploymentPostprocessing = 0;
		};
/* End PBXSourcesBuildPhase section */

/* Begin PBXVariantGroup section */
		4FFF154123BEF42100521C6E /* Main.storyboard */ = {
			isa = PBXVariantGroup;
			children = (
				4FFF154223BEF42100521C6E /* Base */,
			);
			name = Main.storyboard;
			sourceTree = "<group>";
		};
		4FFF154623BEF42300521C6E /* LaunchScreen.storyboard */ = {
			isa = PBXVariantGroup;
			children = (
				4FFF154723BEF42300521C6E /* Base */,
			);
			name = LaunchScreen.storyboard;
			sourceTree = "<group>";
		};
/* End PBXVariantGroup section */

/* Begin XCBuildConfiguration section */
		4FFF154A23BEF42300521C6E /* Debug */ = {
			isa = XCBuildConfiguration;
			buildSettings = {
				ALWAYS_SEARCH_USER_PATHS = NO;
				CLANG_ANALYZER_NONNULL = YES;
				CLANG_ANALYZER_NUMBER_OBJECT_CONVERSION = YES_AGGRESSIVE;
				CLANG_CXX_LANGUAGE_STANDARD = "gnu++14";
				CLANG_CXX_LIBRARY = "libc++";
				CLANG_ENABLE_MODULES = YES;
				CLANG_ENABLE_OBJC_ARC = YES;
				CLANG_ENABLE_OBJC_WEAK = YES;
				CLANG_WARN_BLOCK_CAPTURE_AUTORELEASING = YES;
				CLANG_WARN_BOOL_CONVERSION = YES;
				CLANG_WARN_COMMA = YES;
				CLANG_WARN_CONSTANT_CONVERSION = YES;
				CLANG_WARN_DEPRECATED_OBJC_IMPLEMENTATIONS = YES;
				CLANG_WARN_DIRECT_OBJC_ISA_USAGE = YES_ERROR;
				CLANG_WARN_DOCUMENTATION_COMMENTS = YES;
				CLANG_WARN_EMPTY_BODY = YES;
				CLANG_WARN_ENUM_CONVERSION = YES;
				CLANG_WARN_INFINITE_RECURSION = YES;
				CLANG_WARN_INT_CONVERSION = YES;
				CLANG_WARN_NON_LITERAL_NULL_CONVERSION = YES;
				CLANG_WARN_OBJC_IMPLICIT_RETAIN_SELF = YES;
				CLANG_WARN_OBJC_LITERAL_CONVERSION = YES;
				CLANG_WARN_OBJC_ROOT_CLASS = YES_ERROR;
				CLANG_WARN_RANGE_LOOP_ANALYSIS = YES;
				CLANG_WARN_STRICT_PROTOTYPES = YES;
				CLANG_WARN_SUSPICIOUS_MOVE = YES;
				CLANG_WARN_UNGUARDED_AVAILABILITY = YES_AGGRESSIVE;
				CLANG_WARN_UNREACHABLE_CODE = YES;
				CLANG_WARN__DUPLICATE_METHOD_MATCH = YES;
				COPY_PHASE_STRIP = NO;
				DEBUG_INFORMATION_FORMAT = dwarf;
				ENABLE_STRICT_OBJC_MSGSEND = YES;
				ENABLE_TESTABILITY = YES;
				GCC_C_LANGUAGE_STANDARD = gnu11;
				GCC_DYNAMIC_NO_PIC = NO;
				GCC_NO_COMMON_BLOCKS = YES;
				GCC_OPTIMIZATION_LEVEL = 0;
				GCC_PREPROCESSOR_DEFINITIONS = (
					"DEBUG=1",
					"$(inherited)",
				);
				GCC_WARN_64_TO_32_BIT_CONVERSION = YES;
				GCC_WARN_ABOUT_RETURN_TYPE = YES_ERROR;
				GCC_WARN_UNDECLARED_SELECTOR = YES;
				GCC_WARN_UNINITIALIZED_AUTOS = YES_AGGRESSIVE;
				GCC_WARN_UNUSED_FUNCTION = YES;
				GCC_WARN_UNUSED_VARIABLE = YES;
				IPHONEOS_DEPLOYMENT_TARGET = 13.1;
				MTL_ENABLE_DEBUG_INFO = INCLUDE_SOURCE;
				MTL_FAST_MATH = YES;
				ONLY_ACTIVE_ARCH = YES;
				SDKROOT = iphoneos;
				SWIFT_ACTIVE_COMPILATION_CONDITIONS = DEBUG;
				SWIFT_OPTIMIZATION_LEVEL = "-Onone";
			};
			name = Debug;
		};
		4FFF154B23BEF42300521C6E /* Release */ = {
			isa = XCBuildConfiguration;
			buildSettings = {
				ALWAYS_SEARCH_USER_PATHS = NO;
				CLANG_ANALYZER_NONNULL = YES;
				CLANG_ANALYZER_NUMBER_OBJECT_CONVERSION = YES_AGGRESSIVE;
				CLANG_CXX_LANGUAGE_STANDARD = "gnu++14";
				CLANG_CXX_LIBRARY = "libc++";
				CLANG_ENABLE_MODULES = YES;
				CLANG_ENABLE_OBJC_ARC = YES;
				CLANG_ENABLE_OBJC_WEAK = YES;
				CLANG_WARN_BLOCK_CAPTURE_AUTORELEASING = YES;
				CLANG_WARN_BOOL_CONVERSION = YES;
				CLANG_WARN_COMMA = YES;
				CLANG_WARN_CONSTANT_CONVERSION = YES;
				CLANG_WARN_DEPRECATED_OBJC_IMPLEMENTATIONS = YES;
				CLANG_WARN_DIRECT_OBJC_ISA_USAGE = YES_ERROR;
				CLANG_WARN_DOCUMENTATION_COMMENTS = YES;
				CLANG_WARN_EMPTY_BODY = YES;
				CLANG_WARN_ENUM_CONVERSION = YES;
				CLANG_WARN_INFINITE_RECURSION = YES;
				CLANG_WARN_INT_CONVERSION = YES;
				CLANG_WARN_NON_LITERAL_NULL_CONVERSION = YES;
				CLANG_WARN_OBJC_IMPLICIT_RETAIN_SELF = YES;
				CLANG_WARN_OBJC_LITERAL_CONVERSION = YES;
				CLANG_WARN_OBJC_ROOT_CLASS = YES_ERROR;
				CLANG_WARN_RANGE_LOOP_ANALYSIS = YES;
				CLANG_WARN_STRICT_PROTOTYPES = YES;
				CLANG_WARN_SUSPICIOUS_MOVE = YES;
				CLANG_WARN_UNGUARDED_AVAILABILITY = YES_AGGRESSIVE;
				CLANG_WARN_UNREACHABLE_CODE = YES;
				CLANG_WARN__DUPLICATE_METHOD_MATCH = YES;
				COPY_PHASE_STRIP = NO;
				DEBUG_INFORMATION_FORMAT = "dwarf-with-dsym";
				ENABLE_NS_ASSERTIONS = NO;
				ENABLE_STRICT_OBJC_MSGSEND = YES;
				GCC_C_LANGUAGE_STANDARD = gnu11;
				GCC_NO_COMMON_BLOCKS = YES;
				GCC_WARN_64_TO_32_BIT_CONVERSION = YES;
				GCC_WARN_ABOUT_RETURN_TYPE = YES_ERROR;
				GCC_WARN_UNDECLARED_SELECTOR = YES;
				GCC_WARN_UNINITIALIZED_AUTOS = YES_AGGRESSIVE;
				GCC_WARN_UNUSED_FUNCTION = YES;
				GCC_WARN_UNUSED_VARIABLE = YES;
				IPHONEOS_DEPLOYMENT_TARGET = 13.1;
				MTL_ENABLE_DEBUG_INFO = NO;
				MTL_FAST_MATH = YES;
				SDKROOT = iphoneos;
				SWIFT_COMPILATION_MODE = wholemodule;
				SWIFT_OPTIMIZATION_LEVEL = "-O";
				VALIDATE_PRODUCT = YES;
			};
			name = Release;
		};
		4FFF154D23BEF42300521C6E /* Debug */ = {
			isa = XCBuildConfiguration;
			baseConfigurationReference = F5BA8C72D464CC3EABC1956D /* Pods-URLRequestCacheDemo.debug.xcconfig */;
			buildSettings = {
				ASSETCATALOG_COMPILER_APPICON_NAME = AppIcon;
				CODE_SIGN_STYLE = Automatic;
				DEVELOPMENT_TEAM = UU3DS6HAQ3;
				INFOPLIST_FILE = URLRequestCacheDemo/Info.plist;
				LD_RUNPATH_SEARCH_PATHS = (
					"$(inherited)",
					"@executable_path/Frameworks",
				);
				PRODUCT_BUNDLE_IDENTIFIER = com.zColdWater.www.URLRequestCacheDemo;
				PRODUCT_NAME = "$(TARGET_NAME)";
				SWIFT_VERSION = 5.0;
				TARGETED_DEVICE_FAMILY = "1,2";
			};
			name = Debug;
		};
		4FFF154E23BEF42300521C6E /* Release */ = {
			isa = XCBuildConfiguration;
			baseConfigurationReference = D64A5AB544E47D3B157B3DB3 /* Pods-URLRequestCacheDemo.release.xcconfig */;
			buildSettings = {
				ASSETCATALOG_COMPILER_APPICON_NAME = AppIcon;
				CODE_SIGN_STYLE = Automatic;
				DEVELOPMENT_TEAM = UU3DS6HAQ3;
				INFOPLIST_FILE = URLRequestCacheDemo/Info.plist;
				LD_RUNPATH_SEARCH_PATHS = (
					"$(inherited)",
					"@executable_path/Frameworks",
				);
				PRODUCT_BUNDLE_IDENTIFIER = com.zColdWater.www.URLRequestCacheDemo;
				PRODUCT_NAME = "$(TARGET_NAME)";
				SWIFT_VERSION = 5.0;
				TARGETED_DEVICE_FAMILY = "1,2";
			};
			name = Release;
		};
/* End XCBuildConfiguration section */

/* Begin XCConfigurationList section */
		4FFF153323BEF42100521C6E /* Build configuration list for PBXProject "URLRequestCacheDemo" */ = {
			isa = XCConfigurationList;
			buildConfigurations = (
				4FFF154A23BEF42300521C6E /* Debug */,
				4FFF154B23BEF42300521C6E /* Release */,
			);
			defaultConfigurationIsVisible = 0;
			defaultConfigurationName = Release;
		};
		4FFF154C23BEF42300521C6E /* Build configuration list for PBXNativeTarget "URLRequestCacheDemo" */ = {
			isa = XCConfigurationList;
			buildConfigurations = (
				4FFF154D23BEF42300521C6E /* Debug */,
				4FFF154E23BEF42300521C6E /* Release */,
			);
			defaultConfigurationIsVisible = 0;
			defaultConfigurationName = Release;
		};
/* End XCConfigurationList section */
	};
	rootObject = 4FFF153023BEF42100521C6E /* Project object */;
}
